# THIS IS AN AUTOGENERATED FILE. DO NOT EDIT THIS FILE DIRECTLY.
# yarn lockfile v1


"@permaweb/ao-loader@^0.0.14":
  version "0.0.14"
  resolved "https://registry.yarnpkg.com/@permaweb/ao-loader/-/ao-loader-0.0.14.tgz#31e3ae09018f3b1685cd1d0bb803be6cc9206f6c"
  integrity sha512-X5R+Zc4tmPGX9fjuENMKhQs0hYxuSSA0F12PqKJFkqnjnYLFML+D6/9rST9pvx7F9HcoTO2eauQgB6FLBIwnzw==
